
Microsoft Visual Studio Solution File, Format Version 12.00
# Visual Studio Version 16
VisualStudioVersion = 16.0.31205.134
MinimumVisualStudioVersion = 10.0.40219.1
Project("{FAE04EC0-301F-11D3-BF4B-00C04F79EFBC}") = "Labo6", "Labo6\Labo6.csproj", "{4E8F3260-1947-46A9-B6AE-C185CC702A76}"
EndProject
Project("{FAE04EC0-301F-11D3-BF4B-00C04F79EFBC}") = "WcfRestClient", "WcfRestClient\WcfRestClient.csproj", "{A0622D28-6126-40E4-B355-4CB96245731A}"
EndProject
Global
	GlobalSection(SolutionConfigurationPlatforms) = preSolution
		Debug|Any CPU = Debug|Any CPU
		Release|Any CPU = Release|Any CPU
	EndGlobalSection
	GlobalSection(ProjectConfigurationPlatforms) = postSolution
		{4E8F3260-1947-46A9-B6AE-C185CC702A76}.Debug|Any CPU.ActiveCfg = Debug|Any CPU
		{4E8F3260-1947-46A9-B6AE-C185CC702A76}.Debug|Any CPU.Build.0 = Debug|Any CPU
		{4E8F3260-1947-46A9-B6AE-C185CC702A76}.Release|Any CPU.ActiveCfg = Release|Any CPU
		{4E8F3260-1947-46A9-B6AE-C185CC702A76}.Release|Any CPU.Build.0 = Release|Any CPU
		{A0622D28-6126-40E4-B355-4CB96245731A}.Debug|Any CPU.ActiveCfg = Debug|Any CPU
		{A0622D28-6126-40E4-B355-4CB96245731A}.Debug|Any CPU.Build.0 = Debug|Any CPU
		{A0622D28-6126-40E4-B355-4CB96245731A}.Release|Any CPU.ActiveCfg = Release|Any CPU
		{A0622D28-6126-40E4-B355-4CB96245731A}.Release|Any CPU.Build.0 = Release|Any CPU
	EndGlobalSection
	GlobalSection(SolutionProperties) = preSolution
		HideSolutionNode = FALSE
	EndGlobalSection
	GlobalSection(ExtensibilityGlobals) = postSolution
		SolutionGuid = {8942D2ED-693A-42B2-BCCC-630AD9DB4012}
	EndGlobalSection
EndGlobal
